
Microsoft Visual Studio Solution File, Format Version 12.00
# Visual Studio Version 16
VisualStudioVersion = 16.0.30503.244
MinimumVisualStudioVersion = 10.0.40219.1
Project("{FAE04EC0-301F-11D3-BF4B-00C04F79EFBC}") = "Tiba.Web", "Tiba.Web\Tiba.Web.csproj", "{1A3E34E5-1F45-46BA-A666-F4B13E82B64C}"
EndProject
Project("{FAE04EC0-301F-11D3-BF4B-00C04F79EFBC}") = "Tiba.Domain", "Tiba.Domain\Tiba.Domain.csproj", "{336EDB29-DB32-4E9F-ABFA-22BC708C9E9F}"
EndProject
Global
	GlobalSection(SolutionConfigurationPlatforms) = preSolution
		Debug|Any CPU = Debug|Any CPU
		Release|Any CPU = Release|Any CPU
	EndGlobalSection
	GlobalSection(ProjectConfigurationPlatforms) = postSolution
		{1A3E34E5-1F45-46BA-A666-F4B13E82B64C}.Debug|Any CPU.ActiveCfg = Debug|Any CPU
		{1A3E34E5-1F45-46BA-A666-F4B13E82B64C}.Debug|Any CPU.Build.0 = Debug|Any CPU
		{1A3E34E5-1F45-46BA-A666-F4B13E82B64C}.Release|Any CPU.ActiveCfg = Release|Any CPU
		{1A3E34E5-1F45-46BA-A666-F4B13E82B64C}.Release|Any CPU.Build.0 = Release|Any CPU
		{336EDB29-DB32-4E9F-ABFA-22BC708C9E9F}.Debug|Any CPU.ActiveCfg = Debug|Any CPU
		{336EDB29-DB32-4E9F-ABFA-22BC708C9E9F}.Debug|Any CPU.Build.0 = Debug|Any CPU
		{336EDB29-DB32-4E9F-ABFA-22BC708C9E9F}.Release|Any CPU.ActiveCfg = Release|Any CPU
		{336EDB29-DB32-4E9F-ABFA-22BC708C9E9F}.Release|Any CPU.Build.0 = Release|Any CPU
	EndGlobalSection
	GlobalSection(SolutionProperties) = preSolution
		HideSolutionNode = FALSE
	EndGlobalSection
	GlobalSection(ExtensibilityGlobals) = postSolution
		SolutionGuid = {2A602D4B-6B48-4686-AA66-E6AC1BA5B63D}
	EndGlobalSection
EndGlobal
